
Microsoft Visual Studio Solution File, Format Version 12.00
# Visual Studio Version 16
VisualStudioVersion = 16.0.30104.148
MinimumVisualStudioVersion = 10.0.40219.1
Project("{FAE04EC0-301F-11D3-BF4B-00C04F79EFBC}") = "nfklib", "nfklib\nfklib.csproj", "{16883B18-CCD9-4CBA-A346-07AFBF69BF1F}"
EndProject
Project("{FAE04EC0-301F-11D3-BF4B-00C04F79EFBC}") = "demostats", "examples\demostats\demostats.csproj", "{E0976C61-249A-4E72-A6ED-E7517B89B00E}"
EndProject
Project("{FAE04EC0-301F-11D3-BF4B-00C04F79EFBC}") = "demowebapi", "examples\demowebapi\demowebapi.csproj", "{FA6D183F-EEA7-43DB-AD00-1D3B1F0CA07A}"
EndProject
Project("{FAE04EC0-301F-11D3-BF4B-00C04F79EFBC}") = "nmap2web", "examples\nmap2web\nmap2web.csproj", "{5A284F10-C70A-4AA3-A0C2-72DA36BCFAA3}"
EndProject
Project("{FAE04EC0-301F-11D3-BF4B-00C04F79EFBC}") = "ndm_pal_replace", "examples\ndm_pal_replace\ndm_pal_replace.csproj", "{14BA2908-0A67-412D-93CD-DBA8D9CB7DFC}"
EndProject
Project("{FAE04EC0-301F-11D3-BF4B-00C04F79EFBC}") = "ndm_rail_replace", "examples\ndm_rail_replace\ndm_rail_replace.csproj", "{BE4CF505-5786-4482-A7D0-8DC8358DE0A5}"
EndProject
Global
	GlobalSection(SolutionConfigurationPlatforms) = preSolution
		Debug|Any CPU = Debug|Any CPU
		Release|Any CPU = Release|Any CPU
	EndGlobalSection
	GlobalSection(ProjectConfigurationPlatforms) = postSolution
		{16883B18-CCD9-4CBA-A346-07AFBF69BF1F}.Debug|Any CPU.ActiveCfg = Debug|Any CPU
		{16883B18-CCD9-4CBA-A346-07AFBF69BF1F}.Debug|Any CPU.Build.0 = Debug|Any CPU
		{16883B18-CCD9-4CBA-A346-07AFBF69BF1F}.Release|Any CPU.ActiveCfg = Release|Any CPU
		{16883B18-CCD9-4CBA-A346-07AFBF69BF1F}.Release|Any CPU.Build.0 = Release|Any CPU
		{E0976C61-249A-4E72-A6ED-E7517B89B00E}.Debug|Any CPU.ActiveCfg = Debug|Any CPU
		{E0976C61-249A-4E72-A6ED-E7517B89B00E}.Debug|Any CPU.Build.0 = Debug|Any CPU
		{E0976C61-249A-4E72-A6ED-E7517B89B00E}.Release|Any CPU.ActiveCfg = Release|Any CPU
		{E0976C61-249A-4E72-A6ED-E7517B89B00E}.Release|Any CPU.Build.0 = Release|Any CPU
		{FA6D183F-EEA7-43DB-AD00-1D3B1F0CA07A}.Debug|Any CPU.ActiveCfg = Debug|Any CPU
		{FA6D183F-EEA7-43DB-AD00-1D3B1F0CA07A}.Debug|Any CPU.Build.0 = Debug|Any CPU
		{FA6D183F-EEA7-43DB-AD00-1D3B1F0CA07A}.Release|Any CPU.ActiveCfg = Release|Any CPU
		{FA6D183F-EEA7-43DB-AD00-1D3B1F0CA07A}.Release|Any CPU.Build.0 = Release|Any CPU
		{5A284F10-C70A-4AA3-A0C2-72DA36BCFAA3}.Debug|Any CPU.ActiveCfg = Debug|Any CPU
		{5A284F10-C70A-4AA3-A0C2-72DA36BCFAA3}.Debug|Any CPU.Build.0 = Debug|Any CPU
		{5A284F10-C70A-4AA3-A0C2-72DA36BCFAA3}.Release|Any CPU.ActiveCfg = Release|Any CPU
		{5A284F10-C70A-4AA3-A0C2-72DA36BCFAA3}.Release|Any CPU.Build.0 = Release|Any CPU
		{14BA2908-0A67-412D-93CD-DBA8D9CB7DFC}.Debug|Any CPU.ActiveCfg = Debug|Any CPU
		{14BA2908-0A67-412D-93CD-DBA8D9CB7DFC}.Debug|Any CPU.Build.0 = Debug|Any CPU
		{14BA2908-0A67-412D-93CD-DBA8D9CB7DFC}.Release|Any CPU.ActiveCfg = Release|Any CPU
		{14BA2908-0A67-412D-93CD-DBA8D9CB7DFC}.Release|Any CPU.Build.0 = Release|Any CPU
		{BE4CF505-5786-4482-A7D0-8DC8358DE0A5}.Debug|Any CPU.ActiveCfg = Debug|Any CPU
		{BE4CF505-5786-4482-A7D0-8DC8358DE0A5}.Debug|Any CPU.Build.0 = Debug|Any CPU
		{BE4CF505-5786-4482-A7D0-8DC8358DE0A5}.Release|Any CPU.ActiveCfg = Release|Any CPU
		{BE4CF505-5786-4482-A7D0-8DC8358DE0A5}.Release|Any CPU.Build.0 = Release|Any CPU
	EndGlobalSection
	GlobalSection(SolutionProperties) = preSolution
		HideSolutionNode = FALSE
	EndGlobalSection
	GlobalSection(ExtensibilityGlobals) = postSolution
		SolutionGuid = {DFCF3935-7C9A-4316-8121-1A9E307105AB}
	EndGlobalSection
EndGlobal
